// !$*UTF8*$!
{
	archiveVersion = 1;
	classes = {
	};
	objectVersion = 50;
	objects = {

/* Begin PBXBuildFile section */
		6551B4262121CD8C00E0455D /* AppDelegate.swift in Sources */ = {isa = PBXBuildFile; fileRef = 6551B4252121CD8C00E0455D /* AppDelegate.swift */; };
		6551B4282121CD8C00E0455D /* ViewController.swift in Sources */ = {isa = PBXBuildFile; fileRef = 6551B4272121CD8C00E0455D /* ViewController.swift */; };
		6551B42B2121CD8C00E0455D /* Main.storyboard in Resources */ = {isa = PBXBuildFile; fileRef = 6551B4292121CD8C00E0455D /* Main.storyboard */; };
		6551B42D2121CD8E00E0455D /* Assets.xcassets in Resources */ = {isa = PBXBuildFile; fileRef = 6551B42C2121CD8E00E0455D /* Assets.xcassets */; };
		6551B4302121CD8E00E0455D /* LaunchScreen.storyboard in Resources */ = {isa = PBXBuildFile; fileRef = 6551B42E2121CD8E00E0455D /* LaunchScreen.storyboard */; };
		6551B4382121CE1000E0455D /* MainTabBarController.swift in Sources */ = {isa = PBXBuildFile; fileRef = 6551B4372121CE1000E0455D /* MainTabBarController.swift */; };
		6551B43B2122E75900E0455D /* PodcastsSearchController.swift in Sources */ = {isa = PBXBuildFile; fileRef = 6551B43A2122E75900E0455D /* PodcastsSearchController.swift */; };
		6551B43E2122E98D00E0455D /* Podcast.swift in Sources */ = {isa = PBXBuildFile; fileRef = 6551B43D2122E98D00E0455D /* Podcast.swift */; };
		6551B4412123255900E0455D /* APIService.swift in Sources */ = {isa = PBXBuildFile; fileRef = 6551B4402123255900E0455D /* APIService.swift */; };
		6551B444212474AA00E0455D /* PodcastCell.xib in Resources */ = {isa = PBXBuildFile; fileRef = 6551B443212474AA00E0455D /* PodcastCell.xib */; };
		6551B4462124775400E0455D /* PodcastCell.swift in Sources */ = {isa = PBXBuildFile; fileRef = 6551B4452124775400E0455D /* PodcastCell.swift */; };
		659A744E2125A15C00B4587C /* EpisodesController.swift in Sources */ = {isa = PBXBuildFile; fileRef = 659A744D2125A15C00B4587C /* EpisodesController.swift */; };
		B2C47B53D943F8A369964FCB /* Pods_PodcastsCourse.framework in Frameworks */ = {isa = PBXBuildFile; fileRef = F6D37A768138D63DDC468E4A /* Pods_PodcastsCourse.framework */; };
/* End PBXBuildFile section */

/* Begin PBXFileReference section */
		6551B4222121CD8C00E0455D /* PodcastsCourse.app */ = {isa = PBXFileReference; explicitFileType = wrapper.application; includeInIndex = 0; path = PodcastsCourse.app; sourceTree = BUILT_PRODUCTS_DIR; };
		6551B4252121CD8C00E0455D /* AppDelegate.swift */ = {isa = PBXFileReference; lastKnownFileType = sourcecode.swift; path = AppDelegate.swift; sourceTree = "<group>"; };
		6551B4272121CD8C00E0455D /* ViewController.swift */ = {isa = PBXFileReference; lastKnownFileType = sourcecode.swift; path = ViewController.swift; sourceTree = "<group>"; };
		6551B42A2121CD8C00E0455D /* Base */ = {isa = PBXFileReference; lastKnownFileType = file.storyboard; name = Base; path = Base.lproj/Main.storyboard; sourceTree = "<group>"; };
		6551B42C2121CD8E00E0455D /* Assets.xcassets */ = {isa = PBXFileReference; lastKnownFileType = folder.assetcatalog; path = Assets.xcassets; sourceTree = "<group>"; };
		6551B42F2121CD8E00E0455D /* Base */ = {isa = PBXFileReference; lastKnownFileType = file.storyboard; name = Base; path = Base.lproj/LaunchScreen.storyboard; sourceTree = "<group>"; };
		6551B4312121CD8E00E0455D /* Info.plist */ = {isa = PBXFileReference; lastKnownFileType = text.plist.xml; path = Info.plist; sourceTree = "<group>"; };
		6551B4372121CE1000E0455D /* MainTabBarController.swift */ = {isa = PBXFileReference; lastKnownFileType = sourcecode.swift; path = MainTabBarController.swift; sourceTree = "<group>"; };
		6551B43A2122E75900E0455D /* PodcastsSearchController.swift */ = {isa = PBXFileReference; lastKnownFileType = sourcecode.swift; path = PodcastsSearchController.swift; sourceTree = "<group>"; };
		6551B43D2122E98D00E0455D /* Podcast.swift */ = {isa = PBXFileReference; lastKnownFileType = sourcecode.swift; path = Podcast.swift; sourceTree = "<group>"; };
		6551B4402123255900E0455D /* APIService.swift */ = {isa = PBXFileReference; lastKnownFileType = sourcecode.swift; path = APIService.swift; sourceTree = "<group>"; };
		6551B443212474AA00E0455D /* PodcastCell.xib */ = {isa = PBXFileReference; lastKnownFileType = file.xib; path = PodcastCell.xib; sourceTree = "<group>"; };
		6551B4452124775400E0455D /* PodcastCell.swift */ = {isa = PBXFileReference; lastKnownFileType = sourcecode.swift; path = PodcastCell.swift; sourceTree = "<group>"; };
		659A744D2125A15C00B4587C /* EpisodesController.swift */ = {isa = PBXFileReference; lastKnownFileType = sourcecode.swift; path = EpisodesController.swift; sourceTree = "<group>"; };
		AC74491928A6D12B6C32155E /* Pods-PodcastsCourse.release.xcconfig */ = {isa = PBXFileReference; includeInIndex = 1; lastKnownFileType = text.xcconfig; name = "Pods-PodcastsCourse.release.xcconfig"; path = "Pods/Target Support Files/Pods-PodcastsCourse/Pods-PodcastsCourse.release.xcconfig"; sourceTree = "<group>"; };
		D29D48997CB5DD405150F40A /* Pods-PodcastsCourse.debug.xcconfig */ = {isa = PBXFileReference; includeInIndex = 1; lastKnownFileType = text.xcconfig; name = "Pods-PodcastsCourse.debug.xcconfig"; path = "Pods/Target Support Files/Pods-PodcastsCourse/Pods-PodcastsCourse.debug.xcconfig"; sourceTree = "<group>"; };
		F6D37A768138D63DDC468E4A /* Pods_PodcastsCourse.framework */ = {isa = PBXFileReference; explicitFileType = wrapper.framework; includeInIndex = 0; path = Pods_PodcastsCourse.framework; sourceTree = BUILT_PRODUCTS_DIR; };
/* End PBXFileReference section */

/* Begin PBXFrameworksBuildPhase section */
		6551B41F2121CD8C00E0455D /* Frameworks */ = {
			isa = PBXFrameworksBuildPhase;
			buildActionMask = 2147483647;
			files = (
				B2C47B53D943F8A369964FCB /* Pods_PodcastsCourse.framework in Frameworks */,
			);
			runOnlyForDeploymentPostprocessing = 0;
		};
/* End PBXFrameworksBuildPhase section */

/* Begin PBXGroup section */
		17152C2104845F93729DA6BE /* Frameworks */ = {
			isa = PBXGroup;
			children = (
				F6D37A768138D63DDC468E4A /* Pods_PodcastsCourse.framework */,
			);
			name = Frameworks;
			sourceTree = "<group>";
		};
		6551B4192121CD8C00E0455D = {
			isa = PBXGroup;
			children = (
				6551B4242121CD8C00E0455D /* PodcastsCourse */,
				6551B4232121CD8C00E0455D /* Products */,
				68C6F1E3CAF55236713B6355 /* Pods */,
				17152C2104845F93729DA6BE /* Frameworks */,
			);
			sourceTree = "<group>";
		};
		6551B4232121CD8C00E0455D /* Products */ = {
			isa = PBXGroup;
			children = (
				6551B4222121CD8C00E0455D /* PodcastsCourse.app */,
			);
			name = Products;
			sourceTree = "<group>";
		};
		6551B4242121CD8C00E0455D /* PodcastsCourse */ = {
			isa = PBXGroup;
			children = (
				6551B4422124748B00E0455D /* Views */,
				6551B43F2123253900E0455D /* API */,
				6551B43C2122E97400E0455D /* Models */,
				6551B4392122E73900E0455D /* Controllers */,
				6551B4252121CD8C00E0455D /* AppDelegate.swift */,
				6551B4272121CD8C00E0455D /* ViewController.swift */,
				6551B4292121CD8C00E0455D /* Main.storyboard */,
				6551B42C2121CD8E00E0455D /* Assets.xcassets */,
				6551B42E2121CD8E00E0455D /* LaunchScreen.storyboard */,
				6551B4312121CD8E00E0455D /* Info.plist */,
				6551B4372121CE1000E0455D /* MainTabBarController.swift */,
			);
			path = PodcastsCourse;
			sourceTree = "<group>";
		};
		6551B4392122E73900E0455D /* Controllers */ = {
			isa = PBXGroup;
			children = (
				6551B43A2122E75900E0455D /* PodcastsSearchController.swift */,
				659A744D2125A15C00B4587C /* EpisodesController.swift */,
			);
			path = Controllers;
			sourceTree = "<group>";
		};
		6551B43C2122E97400E0455D /* Models */ = {
			isa = PBXGroup;
			children = (
				6551B43D2122E98D00E0455D /* Podcast.swift */,
			);
			path = Models;
			sourceTree = "<group>";
		};
		6551B43F2123253900E0455D /* API */ = {
			isa = PBXGroup;
			children = (
				6551B4402123255900E0455D /* APIService.swift */,
			);
			path = API;
			sourceTree = "<group>";
		};
		6551B4422124748B00E0455D /* Views */ = {
			isa = PBXGroup;
			children = (
				6551B443212474AA00E0455D /* PodcastCell.xib */,
				6551B4452124775400E0455D /* PodcastCell.swift */,
			);
			path = Views;
			sourceTree = "<group>";
		};
		68C6F1E3CAF55236713B6355 /* Pods */ = {
			isa = PBXGroup;
			children = (
				D29D48997CB5DD405150F40A /* Pods-PodcastsCourse.debug.xcconfig */,
				AC74491928A6D12B6C32155E /* Pods-PodcastsCourse.release.xcconfig */,
			);
			name = Pods;
			sourceTree = "<group>";
		};
/* End PBXGroup section */

/* Begin PBXNativeTarget section */
		6551B4212121CD8C00E0455D /* PodcastsCourse */ = {
			isa = PBXNativeTarget;
			buildConfigurationList = 6551B4342121CD8E00E0455D /* Build configuration list for PBXNativeTarget "PodcastsCourse" */;
			buildPhases = (
				1DED55E2EC69D65ACAEABFC1 /* [CP] Check Pods Manifest.lock */,
				6551B41E2121CD8C00E0455D /* Sources */,
				6551B41F2121CD8C00E0455D /* Frameworks */,
				6551B4202121CD8C00E0455D /* Resources */,
				6F52B49D15FD57343664D355 /* [CP] Embed Pods Frameworks */,
			);
			buildRules = (
			);
			dependencies = (
			);
			name = PodcastsCourse;
			productName = PodcastsCourse;
			productReference = 6551B4222121CD8C00E0455D /* PodcastsCourse.app */;
			productType = "com.apple.product-type.application";
		};
/* End PBXNativeTarget section */

/* Begin PBXProject section */
		6551B41A2121CD8C00E0455D /* Project object */ = {
			isa = PBXProject;
			attributes = {
				LastSwiftUpdateCheck = 0940;
				LastUpgradeCheck = 0940;
				ORGANIZATIONNAME = "徐冲";
				TargetAttributes = {
					6551B4212121CD8C00E0455D = {
						CreatedOnToolsVersion = 9.4.1;
					};
				};
			};
			buildConfigurationList = 6551B41D2121CD8C00E0455D /* Build configuration list for PBXProject "PodcastsCourse" */;
			compatibilityVersion = "Xcode 9.3";
			developmentRegion = en;
			hasScannedForEncodings = 0;
			knownRegions = (
				en,
				Base,
			);
			mainGroup = 6551B4192121CD8C00E0455D;
			productRefGroup = 6551B4232121CD8C00E0455D /* Products */;
			projectDirPath = "";
			projectRoot = "";
			targets = (
				6551B4212121CD8C00E0455D /* PodcastsCourse */,
			);
		};
/* End PBXProject section */

/* Begin PBXResourcesBuildPhase section */
		6551B4202121CD8C00E0455D /* Resources */ = {
			isa = PBXResourcesBuildPhase;
			buildActionMask = 2147483647;
			files = (
				6551B4302121CD8E00E0455D /* LaunchScreen.storyboard in Resources */,
				6551B42D2121CD8E00E0455D /* Assets.xcassets in Resources */,
				6551B444212474AA00E0455D /* PodcastCell.xib in Resources */,
				6551B42B2121CD8C00E0455D /* Main.storyboard in Resources */,
			);
			runOnlyForDeploymentPostprocessing = 0;
		};
/* End PBXResourcesBuildPhase section */

/* Begin PBXShellScriptBuildPhase section */
		1DED55E2EC69D65ACAEABFC1 /* [CP] Check Pods Manifest.lock */ = {
			isa = PBXShellScriptBuildPhase;
			buildActionMask = 2147483647;
			files = (
			);
			inputPaths = (
				"${PODS_PODFILE_DIR_PATH}/Podfile.lock",
				"${PODS_ROOT}/Manifest.lock",
			);
			name = "[CP] Check Pods Manifest.lock";
			outputPaths = (
				"$(DERIVED_FILE_DIR)/Pods-PodcastsCourse-checkManifestLockResult.txt",
			);
			runOnlyForDeploymentPostprocessing = 0;
			shellPath = /bin/sh;
			shellScript = "diff \"${PODS_PODFILE_DIR_PATH}/Podfile.lock\" \"${PODS_ROOT}/Manifest.lock\" > /dev/null\nif [ $? != 0 ] ; then\n    # print error to STDERR\n    echo \"error: The sandbox is not in sync with the Podfile.lock. Run 'pod install' or update your CocoaPods installation.\" >&2\n    exit 1\nfi\n# This output is used by Xcode 'outputs' to avoid re-running this script phase.\necho \"SUCCESS\" > \"${SCRIPT_OUTPUT_FILE_0}\"\n";
			showEnvVarsInLog = 0;
		};
		6F52B49D15FD57343664D355 /* [CP] Embed Pods Frameworks */ = {
			isa = PBXShellScriptBuildPhase;
			buildActionMask = 2147483647;
			files = (
			);
			inputPaths = (
				"${SRCROOT}/Pods/Target Support Files/Pods-PodcastsCourse/Pods-PodcastsCourse-frameworks.sh",
				"${BUILT_PRODUCTS_DIR}/Alamofire/Alamofire.framework",
				"${BUILT_PRODUCTS_DIR}/SDWebImage/SDWebImage.framework",
			);
			name = "[CP] Embed Pods Frameworks";
			outputPaths = (
				"${TARGET_BUILD_DIR}/${FRAMEWORKS_FOLDER_PATH}/Alamofire.framework",
				"${TARGET_BUILD_DIR}/${FRAMEWORKS_FOLDER_PATH}/SDWebImage.framework",
			);
			runOnlyForDeploymentPostprocessing = 0;
			shellPath = /bin/sh;
			shellScript = "\"${SRCROOT}/Pods/Target Support Files/Pods-PodcastsCourse/Pods-PodcastsCourse-frameworks.sh\"\n";
			showEnvVarsInLog = 0;
		};
/* End PBXShellScriptBuildPhase section */

/* Begin PBXSourcesBuildPhase section */
		6551B41E2121CD8C00E0455D /* Sources */ = {
			isa = PBXSourcesBuildPhase;
			buildActionMask = 2147483647;
			files = (
				6551B43B2122E75900E0455D /* PodcastsSearchController.swift in Sources */,
				6551B4282121CD8C00E0455D /* ViewController.swift in Sources */,
				6551B4262121CD8C00E0455D /* AppDelegate.swift in Sources */,
				659A744E2125A15C00B4587C /* EpisodesController.swift in Sources */,
				6551B4382121CE1000E0455D /* MainTabBarController.swift in Sources */,
				6551B4412123255900E0455D /* APIService.swift in Sources */,
				6551B43E2122E98D00E0455D /* Podcast.swift in Sources */,
				6551B4462124775400E0455D /* PodcastCell.swift in Sources */,
			);
			runOnlyForDeploymentPostprocessing = 0;
		};
/* End PBXSourcesBuildPhase section */

/* Begin PBXVariantGroup section */
		6551B4292121CD8C00E0455D /* Main.storyboard */ = {
			isa = PBXVariantGroup;
			children = (
				6551B42A2121CD8C00E0455D /* Base */,
			);
			name = Main.storyboard;
			sourceTree = "<group>";
		};
		6551B42E2121CD8E00E0455D /* LaunchScreen.storyboard */ = {
			isa = PBXVariantGroup;
			children = (
				6551B42F2121CD8E00E0455D /* Base */,
			);
			name = LaunchScreen.storyboard;
			sourceTree = "<group>";
		};
/* End PBXVariantGroup section */

/* Begin XCBuildConfiguration section */
		6551B4322121CD8E00E0455D /* Debug */ = {
			isa = XCBuildConfiguration;
			buildSettings = {
				ALWAYS_SEARCH_USER_PATHS = NO;
				CLANG_ANALYZER_NONNULL = YES;
				CLANG_ANALYZER_NUMBER_OBJECT_CONVERSION = YES_AGGRESSIVE;
				CLANG_CXX_LANGUAGE_STANDARD = "gnu++14";
				CLANG_CXX_LIBRARY = "libc++";
				CLANG_ENABLE_MODULES = YES;
				CLANG_ENABLE_OBJC_ARC = YES;
				CLANG_ENABLE_OBJC_WEAK = YES;
				CLANG_WARN_BLOCK_CAPTURE_AUTORELEASING = YES;
				CLANG_WARN_BOOL_CONVERSION = YES;
				CLANG_WARN_COMMA = YES;
				CLANG_WARN_CONSTANT_CONVERSION = YES;
				CLANG_WARN_DEPRECATED_OBJC_IMPLEMENTATIONS = YES;
				CLANG_WARN_DIRECT_OBJC_ISA_USAGE = YES_ERROR;
				CLANG_WARN_DOCUMENTATION_COMMENTS = YES;
				CLANG_WARN_EMPTY_BODY = YES;
				CLANG_WARN_ENUM_CONVERSION = YES;
				CLANG_WARN_INFINITE_RECURSION = YES;
				CLANG_WARN_INT_CONVERSION = YES;
				CLANG_WARN_NON_LITERAL_NULL_CONVERSION = YES;
				CLANG_WARN_OBJC_IMPLICIT_RETAIN_SELF = YES;
				CLANG_WARN_OBJC_LITERAL_CONVERSION = YES;
				CLANG_WARN_OBJC_ROOT_CLASS = YES_ERROR;
				CLANG_WARN_RANGE_LOOP_ANALYSIS = YES;
				CLANG_WARN_STRICT_PROTOTYPES = YES;
				CLANG_WARN_SUSPICIOUS_MOVE = YES;
				CLANG_WARN_UNGUARDED_AVAILABILITY = YES_AGGRESSIVE;
				CLANG_WARN_UNREACHABLE_CODE = YES;
				CLANG_WARN__DUPLICATE_METHOD_MATCH = YES;
				CODE_SIGN_IDENTITY = "iPhone Developer";
				COPY_PHASE_STRIP = NO;
				DEBUG_INFORMATION_FORMAT = dwarf;
				ENABLE_STRICT_OBJC_MSGSEND = YES;
				ENABLE_TESTABILITY = YES;
				GCC_C_LANGUAGE_STANDARD = gnu11;
				GCC_DYNAMIC_NO_PIC = NO;
				GCC_NO_COMMON_BLOCKS = YES;
				GCC_OPTIMIZATION_LEVEL = 0;
				GCC_PREPROCESSOR_DEFINITIONS = (
					"DEBUG=1",
					"$(inherited)",
				);
				GCC_WARN_64_TO_32_BIT_CONVERSION = YES;
				GCC_WARN_ABOUT_RETURN_TYPE = YES_ERROR;
				GCC_WARN_UNDECLARED_SELECTOR = YES;
				GCC_WARN_UNINITIALIZED_AUTOS = YES_AGGRESSIVE;
				GCC_WARN_UNUSED_FUNCTION = YES;
				GCC_WARN_UNUSED_VARIABLE = YES;
				IPHONEOS_DEPLOYMENT_TARGET = 11.4;
				MTL_ENABLE_DEBUG_INFO = YES;
				ONLY_ACTIVE_ARCH = YES;
				SDKROOT = iphoneos;
				SWIFT_ACTIVE_COMPILATION_CONDITIONS = DEBUG;
				SWIFT_OPTIMIZATION_LEVEL = "-Onone";
			};
			name = Debug;
		};
		6551B4332121CD8E00E0455D /* Release */ = {
			isa = XCBuildConfiguration;
			buildSettings = {
				ALWAYS_SEARCH_USER_PATHS = NO;
				CLANG_ANALYZER_NONNULL = YES;
				CLANG_ANALYZER_NUMBER_OBJECT_CONVERSION = YES_AGGRESSIVE;
				CLANG_CXX_LANGUAGE_STANDARD = "gnu++14";
				CLANG_CXX_LIBRARY = "libc++";
				CLANG_ENABLE_MODULES = YES;
				CLANG_ENABLE_OBJC_ARC = YES;
				CLANG_ENABLE_OBJC_WEAK = YES;
				CLANG_WARN_BLOCK_CAPTURE_AUTORELEASING = YES;
				CLANG_WARN_BOOL_CONVERSION = YES;
				CLANG_WARN_COMMA = YES;
				CLANG_WARN_CONSTANT_CONVERSION = YES;
				CLANG_WARN_DEPRECATED_OBJC_IMPLEMENTATIONS = YES;
				CLANG_WARN_DIRECT_OBJC_ISA_USAGE = YES_ERROR;
				CLANG_WARN_DOCUMENTATION_COMMENTS = YES;
				CLANG_WARN_EMPTY_BODY = YES;
				CLANG_WARN_ENUM_CONVERSION = YES;
				CLANG_WARN_INFINITE_RECURSION = YES;
				CLANG_WARN_INT_CONVERSION = YES;
				CLANG_WARN_NON_LITERAL_NULL_CONVERSION = YES;
				CLANG_WARN_OBJC_IMPLICIT_RETAIN_SELF = YES;
				CLANG_WARN_OBJC_LITERAL_CONVERSION = YES;
				CLANG_WARN_OBJC_ROOT_CLASS = YES_ERROR;
				CLANG_WARN_RANGE_LOOP_ANALYSIS = YES;
				CLANG_WARN_STRICT_PROTOTYPES = YES;
				CLANG_WARN_SUSPICIOUS_MOVE = YES;
				CLANG_WARN_UNGUARDED_AVAILABILITY = YES_AGGRESSIVE;
				CLANG_WARN_UNREACHABLE_CODE = YES;
				CLANG_WARN__DUPLICATE_METHOD_MATCH = YES;
				CODE_SIGN_IDENTITY = "iPhone Developer";
				COPY_PHASE_STRIP = NO;
				DEBUG_INFORMATION_FORMAT = "dwarf-with-dsym";
				ENABLE_NS_ASSERTIONS = NO;
				ENABLE_STRICT_OBJC_MSGSEND = YES;
				GCC_C_LANGUAGE_STANDARD = gnu11;
				GCC_NO_COMMON_BLOCKS = YES;
				GCC_WARN_64_TO_32_BIT_CONVERSION = YES;
				GCC_WARN_ABOUT_RETURN_TYPE = YES_ERROR;
				GCC_WARN_UNDECLARED_SELECTOR = YES;
				GCC_WARN_UNINITIALIZED_AUTOS = YES_AGGRESSIVE;
				GCC_WARN_UNUSED_FUNCTION = YES;
				GCC_WARN_UNUSED_VARIABLE = YES;
				IPHONEOS_DEPLOYMENT_TARGET = 11.4;
				MTL_ENABLE_DEBUG_INFO = NO;
				SDKROOT = iphoneos;
				SWIFT_COMPILATION_MODE = wholemodule;
				SWIFT_OPTIMIZATION_LEVEL = "-O";
				VALIDATE_PRODUCT = YES;
			};
			name = Release;
		};
		6551B4352121CD8E00E0455D /* Debug */ = {
			isa = XCBuildConfiguration;
			baseConfigurationReference = D29D48997CB5DD405150F40A /* Pods-PodcastsCourse.debug.xcconfig */;
			buildSettings = {
				ASSETCATALOG_COMPILER_APPICON_NAME = AppIcon;
				CODE_SIGN_STYLE = Automatic;
				DEVELOPMENT_TEAM = RRE2R28W2Y;
				INFOPLIST_FILE = PodcastsCourse/Info.plist;
				LD_RUNPATH_SEARCH_PATHS = (
					"$(inherited)",
					"@executable_path/Frameworks",
				);
				PRODUCT_BUNDLE_IDENTIFIER = "cn.zero-to-one.PodcastsCourse";
				PRODUCT_NAME = "$(TARGET_NAME)";
				SWIFT_VERSION = 4.0;
				TARGETED_DEVICE_FAMILY = "1,2";
			};
			name = Debug;
		};
		6551B4362121CD8E00E0455D /* Release */ = {
			isa = XCBuildConfiguration;
			baseConfigurationReference = AC74491928A6D12B6C32155E /* Pods-PodcastsCourse.release.xcconfig */;
			buildSettings = {
				ASSETCATALOG_COMPILER_APPICON_NAME = AppIcon;
				CODE_SIGN_STYLE = Automatic;
				DEVELOPMENT_TEAM = RRE2R28W2Y;
				INFOPLIST_FILE = PodcastsCourse/Info.plist;
				LD_RUNPATH_SEARCH_PATHS = (
					"$(inherited)",
					"@executable_path/Frameworks",
				);
				PRODUCT_BUNDLE_IDENTIFIER = "cn.zero-to-one.PodcastsCourse";
				PRODUCT_NAME = "$(TARGET_NAME)";
				SWIFT_VERSION = 4.0;
				TARGETED_DEVICE_FAMILY = "1,2";
			};
			name = Release;
		};
/* End XCBuildConfiguration section */

/* Begin XCConfigurationList section */
		6551B41D2121CD8C00E0455D /* Build configuration list for PBXProject "PodcastsCourse" */ = {
			isa = XCConfigurationList;
			buildConfigurations = (
				6551B4322121CD8E00E0455D /* Debug */,
				6551B4332121CD8E00E0455D /* Release */,
			);
			defaultConfigurationIsVisible = 0;
			defaultConfigurationName = Release;
		};
		6551B4342121CD8E00E0455D /* Build configuration list for PBXNativeTarget "PodcastsCourse" */ = {
			isa = XCConfigurationList;
			buildConfigurations = (
				6551B4352121CD8E00E0455D /* Debug */,
				6551B4362121CD8E00E0455D /* Release */,
			);
			defaultConfigurationIsVisible = 0;
			defaultConfigurationName = Release;
		};
/* End XCConfigurationList section */
	};
	rootObject = 6551B41A2121CD8C00E0455D /* Project object */;
}
